
Microsoft Visual Studio Solution File, Format Version 12.00
# Visual Studio Version 16
VisualStudioVersion = 16.0.31911.196
MinimumVisualStudioVersion = 10.0.40219.1
Project("{9A19103F-16F7-4668-BE54-9A1E7A4F7556}") = "Synthesis Assignment", "Synthesis Assignment\Synthesis Assignment.csproj", "{AC23C1B3-AE12-4453-AEB9-07CFE9D05405}"
EndProject
Global
	GlobalSection(SolutionConfigurationPlatforms) = preSolution
		Debug|Any CPU = Debug|Any CPU
		Release|Any CPU = Release|Any CPU
	EndGlobalSection
	GlobalSection(ProjectConfigurationPlatforms) = postSolution
		{AC23C1B3-AE12-4453-AEB9-07CFE9D05405}.Debug|Any CPU.ActiveCfg = Debug|Any CPU
		{AC23C1B3-AE12-4453-AEB9-07CFE9D05405}.Debug|Any CPU.Build.0 = Debug|Any CPU
		{AC23C1B3-AE12-4453-AEB9-07CFE9D05405}.Release|Any CPU.ActiveCfg = Release|Any CPU
		{AC23C1B3-AE12-4453-AEB9-07CFE9D05405}.Release|Any CPU.Build.0 = Release|Any CPU
	EndGlobalSection
	GlobalSection(SolutionProperties) = preSolution
		HideSolutionNode = FALSE
	EndGlobalSection
	GlobalSection(ExtensibilityGlobals) = postSolution
		SolutionGuid = {5B9672AA-EA8E-4BAF-930E-FECE4081D9F8}
	EndGlobalSection
EndGlobal
